
Microsoft Visual Studio Solution File, Format Version 12.00
# Visual Studio Version 17
VisualStudioVersion = 17.8.34330.188
MinimumVisualStudioVersion = 10.0.40219.1
Project("{FAE04EC0-301F-11D3-BF4B-00C04F79EFBC}") = "GaussSeidel_IS", "GaussSeidel_IS\GaussSeidel_IS.csproj", "{7782B6CB-5790-4025-90F5-62D3A2D7EE4C}"
EndProject
Global
	GlobalSection(SolutionConfigurationPlatforms) = preSolution
		Debug|Any CPU = Debug|Any CPU
		Release|Any CPU = Release|Any CPU
	EndGlobalSection
	GlobalSection(ProjectConfigurationPlatforms) = postSolution
		{7782B6CB-5790-4025-90F5-62D3A2D7EE4C}.Debug|Any CPU.ActiveCfg = Debug|Any CPU
		{7782B6CB-5790-4025-90F5-62D3A2D7EE4C}.Debug|Any CPU.Build.0 = Debug|Any CPU
		{7782B6CB-5790-4025-90F5-62D3A2D7EE4C}.Release|Any CPU.ActiveCfg = Release|Any CPU
		{7782B6CB-5790-4025-90F5-62D3A2D7EE4C}.Release|Any CPU.Build.0 = Release|Any CPU
	EndGlobalSection
	GlobalSection(SolutionProperties) = preSolution
		HideSolutionNode = FALSE
	EndGlobalSection
	GlobalSection(ExtensibilityGlobals) = postSolution
		SolutionGuid = {7242A6CF-1F41-42D1-97E9-399322E9698F}
	EndGlobalSection
EndGlobal
